Microsoft Visual Studio Solution File, Format Version 12.00
# Visual Studio Version 17
VisualStudioVersion = 17.0.31903.59
MinimumVisualStudioVersion = 10.0.40219.1
Project("{8BC9CEB8-8B4A-11D0-8D11-00A0C91BC942}") = "GBFR.ExtraSigilSlots.Native", "GBFR.ExtraSigilSlots.Native\GBFR.ExtraSigilSlots.Native.vcxproj", "{EA487275-D25A-4993-B259-68B9A28E727A}"
EndProject
Project("{9A19103F-16F7-4668-BE54-9A1E7A4F7556}") = "GBFR.ExtraSigilSlots.Reloaded", "GBFR.ExtraSigilSlots.Reloaded\GBFR.ExtraSigilSlots.Reloaded.csproj", "{5A01C06F-86B5-4C59-A1E3-DC6F56C7798D}"
	ProjectSection(ProjectDependencies) = postProject
		{EA487275-D25A-4993-B259-68B9A28E727A} = {EA487275-D25A-4993-B259-68B9A28E727A}
	EndProjectSection
EndProject
Global
	GlobalSection(SolutionConfigurationPlatforms) = preSolution
		Debug|x64 = Debug|x64
		Release|x64 = Release|x64
	EndGlobalSection
	GlobalSection(ProjectConfigurationPlatforms) = postSolution
		{EA487275-D25A-4993-B259-68B9A28E727A}.Debug|x64.ActiveCfg = Debug|x64
		{EA487275-D25A-4993-B259-68B9A28E727A}.Debug|x64.Build.0 = Debug|x64
		{EA487275-D25A-4993-B259-68B9A28E727A}.Release|x64.ActiveCfg = Release|x64
		{EA487275-D25A-4993-B259-68B9A28E727A}.Release|x64.Build.0 = Release|x64
		{5A01C06F-86B5-4C59-A1E3-DC6F56C7798D}.Debug|x64.ActiveCfg = Debug|Any CPU
		{5A01C06F-86B5-4C59-A1E3-DC6F56C7798D}.Debug|x64.Build.0 = Debug|Any CPU
		{5A01C06F-86B5-4C59-A1E3-DC6F56C7798D}.Release|x64.ActiveCfg = Release|Any CPU
		{5A01C06F-86B5-4C59-A1E3-DC6F56C7798D}.Release|x64.Build.0 = Release|Any CPU
	EndGlobalSection
	GlobalSection(SolutionProperties) = preSolution
		HideSolutionNode = FALSE
	EndGlobalSection
EndGlobal
