<?xml version="1.0" encoding="utf-8"?>
<Project ToolsVersion="4.0" xmlns="http://schemas.microsoft.com/developer/msbuild/2003">
  <ItemGroup>
    <Filter Include="Source Files">
      <UniqueIdentifier>{99EF2127-38E7-4475-8F3B-FEBC2F2BD246}</UniqueIdentifier>
      <Extensions>cpp;c;cxx;cc</Extensions>
    </Filter>
    <Filter Include="Header Files">
      <UniqueIdentifier>{57865D25-21EC-4578-980E-0490DA94E9B6}</UniqueIdentifier>
      <Extensions>h;hpp;hxx</Extensions>
    </Filter>
    <Filter Include="Third Party\Source Files">
      <UniqueIdentifier>{C0B7C494-A5FC-41CF-A70E-CEDE6389D540}</UniqueIdentifier>
      <Extensions>cpp;c</Extensions>
    </Filter>
    <Filter Include="Third Party\Header Files">
      <UniqueIdentifier>{4B4C4ED0-B90F-4AF9-BF29-F863D008041B}</UniqueIdentifier>
      <Extensions>h;hpp</Extensions>
    </Filter>
  </ItemGroup>
  <ItemGroup>
    <ClCompile Include="src\config_store.cpp">
      <Filter>Source Files</Filter>
    </ClCompile>
    <ClCompile Include="src\dllmain.cpp">
      <Filter>Source Files</Filter>
    </ClCompile>
    <ClCompile Include="src\dxgi_present_bridge.cpp">
      <Filter>Source Files</Filter>
    </ClCompile>
    <ClCompile Include="src\exports.cpp">
      <Filter>Source Files</Filter>
    </ClCompile>
    <ClCompile Include="src\input_capture.cpp">
      <Filter>Source Files</Filter>
    </ClCompile>
    <ClCompile Include="src\inventory_store.cpp">
      <Filter>Source Files</Filter>
    </ClCompile>
    <ClCompile Include="src\name_tables.cpp">
      <Filter>Source Files</Filter>
    </ClCompile>
    <ClCompile Include="src\runtime.cpp">
      <Filter>Source Files</Filter>
    </ClCompile>
    <ClCompile Include="src\runtime_state.cpp">
      <Filter>Source Files</Filter>
    </ClCompile>
    <ClCompile Include="src\safe_game_access.cpp">
      <Filter>Source Files</Filter>
    </ClCompile>
    <ClCompile Include="src\selection_store.cpp">
      <Filter>Source Files</Filter>
    </ClCompile>
    <ClCompile Include="src\trait_hooks.cpp">
      <Filter>Source Files</Filter>
    </ClCompile>
    <ClCompile Include="third_party\safetyhook.cpp">
      <Filter>Third Party\Source Files</Filter>
    </ClCompile>
    <ClCompile Include="third_party\Zydis.c">
      <Filter>Third Party\Source Files</Filter>
    </ClCompile>
  </ItemGroup>
  <ItemGroup>
    <ClInclude Include="native_api.h">
      <Filter>Header Files</Filter>
    </ClInclude>
    <ClInclude Include="native_internal.h">
      <Filter>Header Files</Filter>
    </ClInclude>
    <ClInclude Include="third_party\safetyhook.hpp">
      <Filter>Third Party\Header Files</Filter>
    </ClInclude>
    <ClInclude Include="third_party\Zydis.h">
      <Filter>Third Party\Header Files</Filter>
    </ClInclude>
  </ItemGroup>
</Project>
